
Microsoft Visual Studio Solution File, Format Version 12.00
# Visual Studio Version 16
VisualStudioVersion = 16.0.30717.126
MinimumVisualStudioVersion = 10.0.40219.1
Project("{2150E333-8FDC-42A3-9474-1A3956D46DE8}") = "Common", "Common", "{4DEDD913-7034-4BC0-81A9-7E3FBD527CEB}"
EndProject
Project("{2150E333-8FDC-42A3-9474-1A3956D46DE8}") = "Services", "Services", "{6409BD0C-B339-4BA2-82D6-97C285729650}"
EndProject
Project("{2150E333-8FDC-42A3-9474-1A3956D46DE8}") = "Personal", "Personal", "{71FE119C-CDCE-47B3-A377-A67D2DBF2D3E}"
EndProject
Project("{2150E333-8FDC-42A3-9474-1A3956D46DE8}") = "Common", "Common", "{7C292177-9174-4F20-992D-BD397B301979}"
EndProject
Project("{9A19103F-16F7-4668-BE54-9A1E7A4F7556}") = "Common.Logging", "src\Common\Common.Logging\Common.Logging.csproj", "{60AC8F26-A554-4ACD-8F3E-4F3D3B3FAEFD}"
EndProject
Project("{9A19103F-16F7-4668-BE54-9A1E7A4F7556}") = "Services.Common.Collection", "src\Services\Common\Services.Common.Collection\Services.Common.Collection.csproj", "{583D63E2-A57B-4D8C-840F-64ACCABED6C4}"
EndProject
Project("{9A19103F-16F7-4668-BE54-9A1E7A4F7556}") = "Services.Common.Mapping", "src\Services\Common\Services.Common.Mapping\Services.Common.Mapping.csproj", "{319BAF2A-7229-43F0-A95D-420668586AC3}"
EndProject
Project("{9A19103F-16F7-4668-BE54-9A1E7A4F7556}") = "Services.Common.Paging", "src\Services\Common\Services.Common.Paging\Services.Common.Paging.csproj", "{63693514-3972-49F6-94D9-57408775BABE}"
EndProject
Project("{2150E333-8FDC-42A3-9474-1A3956D46DE8}") = "API", "API", "{C44A4A2B-65BB-4D4C-84B8-3019A156D6DB}"
EndProject
Project("{2150E333-8FDC-42A3-9474-1A3956D46DE8}") = "Services", "Services", "{829E1EB1-42A5-4B78-8CD9-1DE90225C4E0}"
EndProject
Project("{2150E333-8FDC-42A3-9474-1A3956D46DE8}") = "Persistence", "Persistence", "{C2A3C365-47BF-4460-A0C9-BE8A691F47BC}"
EndProject
Project("{2150E333-8FDC-42A3-9474-1A3956D46DE8}") = "Models", "Models", "{E04E08CB-5792-4EFC-9F54-3317933EA4A0}"
EndProject
Project("{2150E333-8FDC-42A3-9474-1A3956D46DE8}") = "Testing", "Testing", "{3E7043EC-4551-49F0-A824-7B40FBF3C240}"
EndProject
Project("{9A19103F-16F7-4668-BE54-9A1E7A4F7556}") = "Personal.Api", "src\Services\Personal\Personal.Api\Personal.Api.csproj", "{946E29D8-72ED-4104-A9B0-A47D2A065A1B}"
EndProject
Project("{9A19103F-16F7-4668-BE54-9A1E7A4F7556}") = "Personal.Domain", "src\Services\Personal\Personal.Domain\Personal.Domain.csproj", "{2465566F-C759-47FD-BDA6-12C8CCB72495}"
EndProject
Project("{9A19103F-16F7-4668-BE54-9A1E7A4F7556}") = "Personal.Persistence.Database", "src\Services\Personal\Personal.Persistence.Database\Personal.Persistence.Database.csproj", "{38E458FE-2033-4215-9969-1384152155E8}"
EndProject
Project("{9A19103F-16F7-4668-BE54-9A1E7A4F7556}") = "Personal.Service.EventHandlers", "src\Services\Personal\Personal.Service.EventHandlers\Personal.Service.EventHandlers.csproj", "{517D2804-ED93-41FC-9A78-161100156B05}"
EndProject
Project("{9A19103F-16F7-4668-BE54-9A1E7A4F7556}") = "Personal.Service.Queries", "src\Services\Personal\Personal.Service.Queries\Personal.Service.Queries.csproj", "{85CBC406-BE47-4B66-A3ED-666F02D94968}"
EndProject
Project("{2150E333-8FDC-42A3-9474-1A3956D46DE8}") = "Clientes", "Clientes", "{9B65CC5A-C36A-45DE-8CF2-0762B1C4DF12}"
EndProject
Project("{2150E333-8FDC-42A3-9474-1A3956D46DE8}") = "API", "API", "{7929ACD6-9490-4EEE-80BB-727A14B198B1}"
EndProject
Project("{2150E333-8FDC-42A3-9474-1A3956D46DE8}") = "Models", "Models", "{49AE3AF4-3DE4-47EB-B16B-3CEAC792F2B9}"
EndProject
Project("{2150E333-8FDC-42A3-9474-1A3956D46DE8}") = "Persistence", "Persistence", "{38963147-55F3-4921-955E-2A1B4A9A7F9C}"
EndProject
Project("{2150E333-8FDC-42A3-9474-1A3956D46DE8}") = "Services", "Services", "{92902B0D-94E7-4F9C-82AC-0225732F80C8}"
EndProject
Project("{2150E333-8FDC-42A3-9474-1A3956D46DE8}") = "Testing", "Testing", "{3DAB315D-39F5-4AFF-B43A-2EC5426B45B6}"
EndProject
Project("{9A19103F-16F7-4668-BE54-9A1E7A4F7556}") = "Clientes.Api", "src\Services\Clientes\Clientes.Api\Clientes.Api.csproj", "{910F3437-895E-460D-AA6D-3514CC745ADA}"
EndProject
Project("{9A19103F-16F7-4668-BE54-9A1E7A4F7556}") = "Clientes.Domain", "src\Services\Clientes\Clientes.Domain\Clientes.Domain.csproj", "{5DCF27E2-97C0-4E25-8B7D-49F228C82F4B}"
EndProject
Project("{9A19103F-16F7-4668-BE54-9A1E7A4F7556}") = "Clientes.Persistence.Database", "src\Services\Clientes\Clientes.Persistence.Database\Clientes.Persistence.Database.csproj", "{A9287F0D-70BE-4F4C-8FF9-86F518F8B398}"
EndProject
Project("{9A19103F-16F7-4668-BE54-9A1E7A4F7556}") = "Clientes.Service.EventHandlers", "src\Services\Clientes\Clientes.Service.EventHandlers\Clientes.Service.EventHandlers.csproj", "{3E04AB91-E50E-41D7-9D5B-D11E1B3FB039}"
EndProject
Project("{9A19103F-16F7-4668-BE54-9A1E7A4F7556}") = "Clientes.Service.Queries", "src\Services\Clientes\Clientes.Service.Queries\Clientes.Service.Queries.csproj", "{D2DB87EA-5237-4126-BA07-C2A95C4CE8C3}"
EndProject
Project("{2150E333-8FDC-42A3-9474-1A3956D46DE8}") = "Common", "Common", "{F22AC1C1-B79E-4B18-B320-CE8ADEA9C674}"
EndProject
Project("{9A19103F-16F7-4668-BE54-9A1E7A4F7556}") = "Clientes.Common", "src\Services\Clientes\Clientes.Common\Clientes.Common.csproj", "{9BC81E4D-8E42-40D5-8BD8-21F28AC9F049}"
EndProject
Project("{2150E333-8FDC-42A3-9474-1A3956D46DE8}") = "Diagnosticos", "Diagnosticos", "{C9A28E54-B1C0-4312-934B-6F1270DA8051}"
EndProject
Project("{2150E333-8FDC-42A3-9474-1A3956D46DE8}") = "API", "API", "{37954F73-DD79-4CC2-95BA-6A487F25C407}"
EndProject
Project("{2150E333-8FDC-42A3-9474-1A3956D46DE8}") = "Models", "Models", "{845126B9-EE4B-45EA-939F-199E2B31A97C}"
EndProject
Project("{2150E333-8FDC-42A3-9474-1A3956D46DE8}") = "Persistence", "Persistence", "{9D69D8E9-C6B4-49AB-BC93-BD69422AE693}"
EndProject
Project("{2150E333-8FDC-42A3-9474-1A3956D46DE8}") = "Services", "Services", "{A16BB7A7-EAB8-4B13-BA5C-6C0DB3A5877B}"
EndProject
Project("{2150E333-8FDC-42A3-9474-1A3956D46DE8}") = "Testing", "Testing", "{1EC4DBA1-D34F-4DF2-B1AF-369173F723F6}"
EndProject
Project("{9A19103F-16F7-4668-BE54-9A1E7A4F7556}") = "Diagnosticos.Domain", "src\Services\Diagnosticos\Diagnosticos.Domain\Diagnosticos.Domain.csproj", "{C954DB8C-9BB2-46A6-9E26-99ECEBE7CEAE}"
EndProject
Project("{9A19103F-16F7-4668-BE54-9A1E7A4F7556}") = "Diagnosticos.Persistence.Database", "src\Services\Diagnosticos\Diagnosticos.Persistence.Database\Diagnosticos.Persistence.Database.csproj", "{59123B67-C9D8-49D3-80AE-8E25608D4D8B}"
EndProject
Project("{9A19103F-16F7-4668-BE54-9A1E7A4F7556}") = "Diagnosticos.Service.EventHandlers", "src\Services\Diagnosticos\Diagnosticos.Service.EventHandlers\Diagnosticos.Service.EventHandlers.csproj", "{74AD4DB3-8CCF-4C6C-A9E3-3ABAECAF1C22}"
EndProject
Project("{9A19103F-16F7-4668-BE54-9A1E7A4F7556}") = "Diagnosticos.Service.Queries", "src\Services\Diagnosticos\Diagnosticos.Service.Queries\Diagnosticos.Service.Queries.csproj", "{A4DE5DCD-40AB-44A5-8A61-B97108C06E5F}"
EndProject
Project("{9A19103F-16F7-4668-BE54-9A1E7A4F7556}") = "Diagnosticos.Api", "src\Services\Diagnosticos\Diagnosticos.Api\Diagnosticos.Api.csproj", "{6550EAA1-B9D5-4254-8EC1-553AB713B288}"
EndProject
Project("{9A19103F-16F7-4668-BE54-9A1E7A4F7556}") = "Diagnosticos.Tests", "src\Services\Diagnosticos\Diagnosticos.Tests\Diagnosticos.Tests.csproj", "{ECA45A1F-DCB9-4521-A92A-1F2DD9303B3E}"
EndProject
Project("{2150E333-8FDC-42A3-9474-1A3956D46DE8}") = "Identity", "Identity", "{28FC590C-5D77-44AE-89B5-4E63D0DC9A93}"
EndProject
Project("{2150E333-8FDC-42A3-9474-1A3956D46DE8}") = "API", "API", "{59F4C078-34EA-4441-B3FB-6B263CF69587}"
EndProject
Project("{2150E333-8FDC-42A3-9474-1A3956D46DE8}") = "Services", "Services", "{864D4844-E858-4DAD-AC1D-838CF0F76B18}"
EndProject
Project("{2150E333-8FDC-42A3-9474-1A3956D46DE8}") = "Persistence", "Persistence", "{B4374373-DA0A-4916-BBE8-9D35689790BC}"
EndProject
Project("{2150E333-8FDC-42A3-9474-1A3956D46DE8}") = "Models", "Models", "{6D5287A9-A58B-4C14-829F-BD914B7FDDA1}"
EndProject
Project("{2150E333-8FDC-42A3-9474-1A3956D46DE8}") = "Testing", "Testing", "{4EC47DC6-18BB-45DE-A762-E5063672D8E3}"
EndProject
Project("{FAE04EC0-301F-11D3-BF4B-00C04F79EFBC}") = "Identity.Domain", "src\Services\Identity\Identity.Domain\Identity.Domain.csproj", "{88407A2F-6E90-488B-B2C1-77E805B8CB4A}"
EndProject
Project("{FAE04EC0-301F-11D3-BF4B-00C04F79EFBC}") = "Identity.Persistence.Database", "src\Services\Identity\Identity.Persistence.Database\Identity.Persistence.Database.csproj", "{1D5BD080-CA46-42F6-8DF6-68EA7F64B2CB}"
EndProject
Project("{FAE04EC0-301F-11D3-BF4B-00C04F79EFBC}") = "Identity.Api", "src\Services\Identity\Identity.Api\Identity.Api.csproj", "{D6C53733-6721-4789-9E1C-7691D44BB58B}"
EndProject
Project("{FAE04EC0-301F-11D3-BF4B-00C04F79EFBC}") = "Identity.Service.EventHandlers", "src\Services\Identity\Identity.Service.EventHandlers\Identity.Service.EventHandlers.csproj", "{9CA87AD9-EB87-49AF-B1D7-AB90337A042A}"
EndProject
Project("{FAE04EC0-301F-11D3-BF4B-00C04F79EFBC}") = "Identity.Service.Queries", "src\Services\Identity\Identity.Service.Queries\Identity.Service.Queries.csproj", "{0FA69B8D-734D-4D95-AD61-25A27BF1C4F0}"
EndProject
Global
	GlobalSection(SolutionConfigurationPlatforms) = preSolution
		Debug|Any CPU = Debug|Any CPU
		Release|Any CPU = Release|Any CPU
	EndGlobalSection
	GlobalSection(ProjectConfigurationPlatforms) = postSolution
		{60AC8F26-A554-4ACD-8F3E-4F3D3B3FAEFD}.Debug|Any CPU.ActiveCfg = Debug|Any CPU
		{60AC8F26-A554-4ACD-8F3E-4F3D3B3FAEFD}.Debug|Any CPU.Build.0 = Debug|Any CPU
		{60AC8F26-A554-4ACD-8F3E-4F3D3B3FAEFD}.Release|Any CPU.ActiveCfg = Release|Any CPU
		{60AC8F26-A554-4ACD-8F3E-4F3D3B3FAEFD}.Release|Any CPU.Build.0 = Release|Any CPU
		{583D63E2-A57B-4D8C-840F-64ACCABED6C4}.Debug|Any CPU.ActiveCfg = Debug|Any CPU
		{583D63E2-A57B-4D8C-840F-64ACCABED6C4}.Debug|Any CPU.Build.0 = Debug|Any CPU
		{583D63E2-A57B-4D8C-840F-64ACCABED6C4}.Release|Any CPU.ActiveCfg = Release|Any CPU
		{583D63E2-A57B-4D8C-840F-64ACCABED6C4}.Release|Any CPU.Build.0 = Release|Any CPU
		{319BAF2A-7229-43F0-A95D-420668586AC3}.Debug|Any CPU.ActiveCfg = Debug|Any CPU
		{319BAF2A-7229-43F0-A95D-420668586AC3}.Debug|Any CPU.Build.0 = Debug|Any CPU
		{319BAF2A-7229-43F0-A95D-420668586AC3}.Release|Any CPU.ActiveCfg = Release|Any CPU
		{319BAF2A-7229-43F0-A95D-420668586AC3}.Release|Any CPU.Build.0 = Release|Any CPU
		{63693514-3972-49F6-94D9-57408775BABE}.Debug|Any CPU.ActiveCfg = Debug|Any CPU
		{63693514-3972-49F6-94D9-57408775BABE}.Debug|Any CPU.Build.0 = Debug|Any CPU
		{63693514-3972-49F6-94D9-57408775BABE}.Release|Any CPU.ActiveCfg = Release|Any CPU
		{63693514-3972-49F6-94D9-57408775BABE}.Release|Any CPU.Build.0 = Release|Any CPU
		{946E29D8-72ED-4104-A9B0-A47D2A065A1B}.Debug|Any CPU.ActiveCfg = Debug|Any CPU
		{946E29D8-72ED-4104-A9B0-A47D2A065A1B}.Debug|Any CPU.Build.0 = Debug|Any CPU
		{946E29D8-72ED-4104-A9B0-A47D2A065A1B}.Release|Any CPU.ActiveCfg = Release|Any CPU
		{946E29D8-72ED-4104-A9B0-A47D2A065A1B}.Release|Any CPU.Build.0 = Release|Any CPU
		{2465566F-C759-47FD-BDA6-12C8CCB72495}.Debug|Any CPU.ActiveCfg = Debug|Any CPU
		{2465566F-C759-47FD-BDA6-12C8CCB72495}.Debug|Any CPU.Build.0 = Debug|Any CPU
		{2465566F-C759-47FD-BDA6-12C8CCB72495}.Release|Any CPU.ActiveCfg = Release|Any CPU
		{2465566F-C759-47FD-BDA6-12C8CCB72495}.Release|Any CPU.Build.0 = Release|Any CPU
		{38E458FE-2033-4215-9969-1384152155E8}.Debug|Any CPU.ActiveCfg = Debug|Any CPU
		{38E458FE-2033-4215-9969-1384152155E8}.Debug|Any CPU.Build.0 = Debug|Any CPU
		{38E458FE-2033-4215-9969-1384152155E8}.Release|Any CPU.ActiveCfg = Release|Any CPU
		{38E458FE-2033-4215-9969-1384152155E8}.Release|Any CPU.Build.0 = Release|Any CPU
		{517D2804-ED93-41FC-9A78-161100156B05}.Debug|Any CPU.ActiveCfg = Debug|Any CPU
		{517D2804-ED93-41FC-9A78-161100156B05}.Debug|Any CPU.Build.0 = Debug|Any CPU
		{517D2804-ED93-41FC-9A78-161100156B05}.Release|Any CPU.ActiveCfg = Release|Any CPU
		{517D2804-ED93-41FC-9A78-161100156B05}.Release|Any CPU.Build.0 = Release|Any CPU
		{85CBC406-BE47-4B66-A3ED-666F02D94968}.Debug|Any CPU.ActiveCfg = Debug|Any CPU
		{85CBC406-BE47-4B66-A3ED-666F02D94968}.Debug|Any CPU.Build.0 = Debug|Any CPU
		{85CBC406-BE47-4B66-A3ED-666F02D94968}.Release|Any CPU.ActiveCfg = Release|Any CPU
		{85CBC406-BE47-4B66-A3ED-666F02D94968}.Release|Any CPU.Build.0 = Release|Any CPU
		{910F3437-895E-460D-AA6D-3514CC745ADA}.Debug|Any CPU.ActiveCfg = Debug|Any CPU
		{910F3437-895E-460D-AA6D-3514CC745ADA}.Debug|Any CPU.Build.0 = Debug|Any CPU
		{910F3437-895E-460D-AA6D-3514CC745ADA}.Release|Any CPU.ActiveCfg = Release|Any CPU
		{910F3437-895E-460D-AA6D-3514CC745ADA}.Release|Any CPU.Build.0 = Release|Any CPU
		{5DCF27E2-97C0-4E25-8B7D-49F228C82F4B}.Debug|Any CPU.ActiveCfg = Debug|Any CPU
		{5DCF27E2-97C0-4E25-8B7D-49F228C82F4B}.Debug|Any CPU.Build.0 = Debug|Any CPU
		{5DCF27E2-97C0-4E25-8B7D-49F228C82F4B}.Release|Any CPU.ActiveCfg = Release|Any CPU
		{5DCF27E2-97C0-4E25-8B7D-49F228C82F4B}.Release|Any CPU.Build.0 = Release|Any CPU
		{A9287F0D-70BE-4F4C-8FF9-86F518F8B398}.Debug|Any CPU.ActiveCfg = Debug|Any CPU
		{A9287F0D-70BE-4F4C-8FF9-86F518F8B398}.Debug|Any CPU.Build.0 = Debug|Any CPU
		{A9287F0D-70BE-4F4C-8FF9-86F518F8B398}.Release|Any CPU.ActiveCfg = Release|Any CPU
		{A9287F0D-70BE-4F4C-8FF9-86F518F8B398}.Release|Any CPU.Build.0 = Release|Any CPU
		{3E04AB91-E50E-41D7-9D5B-D11E1B3FB039}.Debug|Any CPU.ActiveCfg = Debug|Any CPU
		{3E04AB91-E50E-41D7-9D5B-D11E1B3FB039}.Debug|Any CPU.Build.0 = Debug|Any CPU
		{3E04AB91-E50E-41D7-9D5B-D11E1B3FB039}.Release|Any CPU.ActiveCfg = Release|Any CPU
		{3E04AB91-E50E-41D7-9D5B-D11E1B3FB039}.Release|Any CPU.Build.0 = Release|Any CPU
		{D2DB87EA-5237-4126-BA07-C2A95C4CE8C3}.Debug|Any CPU.ActiveCfg = Debug|Any CPU
		{D2DB87EA-5237-4126-BA07-C2A95C4CE8C3}.Debug|Any CPU.Build.0 = Debug|Any CPU
		{D2DB87EA-5237-4126-BA07-C2A95C4CE8C3}.Release|Any CPU.ActiveCfg = Release|Any CPU
		{D2DB87EA-5237-4126-BA07-C2A95C4CE8C3}.Release|Any CPU.Build.0 = Release|Any CPU
		{9BC81E4D-8E42-40D5-8BD8-21F28AC9F049}.Debug|Any CPU.ActiveCfg = Debug|Any CPU
		{9BC81E4D-8E42-40D5-8BD8-21F28AC9F049}.Debug|Any CPU.Build.0 = Debug|Any CPU
		{9BC81E4D-8E42-40D5-8BD8-21F28AC9F049}.Release|Any CPU.ActiveCfg = Release|Any CPU
		{9BC81E4D-8E42-40D5-8BD8-21F28AC9F049}.Release|Any CPU.Build.0 = Release|Any CPU
		{C954DB8C-9BB2-46A6-9E26-99ECEBE7CEAE}.Debug|Any CPU.ActiveCfg = Debug|Any CPU
		{C954DB8C-9BB2-46A6-9E26-99ECEBE7CEAE}.Debug|Any CPU.Build.0 = Debug|Any CPU
		{C954DB8C-9BB2-46A6-9E26-99ECEBE7CEAE}.Release|Any CPU.ActiveCfg = Release|Any CPU
		{C954DB8C-9BB2-46A6-9E26-99ECEBE7CEAE}.Release|Any CPU.Build.0 = Release|Any CPU
		{59123B67-C9D8-49D3-80AE-8E25608D4D8B}.Debug|Any CPU.ActiveCfg = Debug|Any CPU
		{59123B67-C9D8-49D3-80AE-8E25608D4D8B}.Debug|Any CPU.Build.0 = Debug|Any CPU
		{59123B67-C9D8-49D3-80AE-8E25608D4D8B}.Release|Any CPU.ActiveCfg = Release|Any CPU
		{59123B67-C9D8-49D3-80AE-8E25608D4D8B}.Release|Any CPU.Build.0 = Release|Any CPU
		{74AD4DB3-8CCF-4C6C-A9E3-3ABAECAF1C22}.Debug|Any CPU.ActiveCfg = Debug|Any CPU
		{74AD4DB3-8CCF-4C6C-A9E3-3ABAECAF1C22}.Debug|Any CPU.Build.0 = Debug|Any CPU
		{74AD4DB3-8CCF-4C6C-A9E3-3ABAECAF1C22}.Release|Any CPU.ActiveCfg = Release|Any CPU
		{74AD4DB3-8CCF-4C6C-A9E3-3ABAECAF1C22}.Release|Any CPU.Build.0 = Release|Any CPU
		{A4DE5DCD-40AB-44A5-8A61-B97108C06E5F}.Debug|Any CPU.ActiveCfg = Debug|Any CPU
		{A4DE5DCD-40AB-44A5-8A61-B97108C06E5F}.Debug|Any CPU.Build.0 = Debug|Any CPU
		{A4DE5DCD-40AB-44A5-8A61-B97108C06E5F}.Release|Any CPU.ActiveCfg = Release|Any CPU
		{A4DE5DCD-40AB-44A5-8A61-B97108C06E5F}.Release|Any CPU.Build.0 = Release|Any CPU
		{6550EAA1-B9D5-4254-8EC1-553AB713B288}.Debug|Any CPU.ActiveCfg = Debug|Any CPU
		{6550EAA1-B9D5-4254-8EC1-553AB713B288}.Debug|Any CPU.Build.0 = Debug|Any CPU
		{6550EAA1-B9D5-4254-8EC1-553AB713B288}.Release|Any CPU.ActiveCfg = Release|Any CPU
		{6550EAA1-B9D5-4254-8EC1-553AB713B288}.Release|Any CPU.Build.0 = Release|Any CPU
		{ECA45A1F-DCB9-4521-A92A-1F2DD9303B3E}.Debug|Any CPU.ActiveCfg = Debug|Any CPU
		{ECA45A1F-DCB9-4521-A92A-1F2DD9303B3E}.Debug|Any CPU.Build.0 = Debug|Any CPU
		{ECA45A1F-DCB9-4521-A92A-1F2DD9303B3E}.Release|Any CPU.ActiveCfg = Release|Any CPU
		{ECA45A1F-DCB9-4521-A92A-1F2DD9303B3E}.Release|Any CPU.Build.0 = Release|Any CPU
		{88407A2F-6E90-488B-B2C1-77E805B8CB4A}.Debug|Any CPU.ActiveCfg = Debug|Any CPU
		{88407A2F-6E90-488B-B2C1-77E805B8CB4A}.Debug|Any CPU.Build.0 = Debug|Any CPU
		{88407A2F-6E90-488B-B2C1-77E805B8CB4A}.Release|Any CPU.ActiveCfg = Release|Any CPU
		{88407A2F-6E90-488B-B2C1-77E805B8CB4A}.Release|Any CPU.Build.0 = Release|Any CPU
		{1D5BD080-CA46-42F6-8DF6-68EA7F64B2CB}.Debug|Any CPU.ActiveCfg = Debug|Any CPU
		{1D5BD080-CA46-42F6-8DF6-68EA7F64B2CB}.Debug|Any CPU.Build.0 = Debug|Any CPU
		{1D5BD080-CA46-42F6-8DF6-68EA7F64B2CB}.Release|Any CPU.ActiveCfg = Release|Any CPU
		{1D5BD080-CA46-42F6-8DF6-68EA7F64B2CB}.Release|Any CPU.Build.0 = Release|Any CPU
		{D6C53733-6721-4789-9E1C-7691D44BB58B}.Debug|Any CPU.ActiveCfg = Debug|Any CPU
		{D6C53733-6721-4789-9E1C-7691D44BB58B}.Debug|Any CPU.Build.0 = Debug|Any CPU
		{D6C53733-6721-4789-9E1C-7691D44BB58B}.Release|Any CPU.ActiveCfg = Release|Any CPU
		{D6C53733-6721-4789-9E1C-7691D44BB58B}.Release|Any CPU.Build.0 = Release|Any CPU
		{9CA87AD9-EB87-49AF-B1D7-AB90337A042A}.Debug|Any CPU.ActiveCfg = Debug|Any CPU
		{9CA87AD9-EB87-49AF-B1D7-AB90337A042A}.Debug|Any CPU.Build.0 = Debug|Any CPU
		{9CA87AD9-EB87-49AF-B1D7-AB90337A042A}.Release|Any CPU.ActiveCfg = Release|Any CPU
		{9CA87AD9-EB87-49AF-B1D7-AB90337A042A}.Release|Any CPU.Build.0 = Release|Any CPU
		{0FA69B8D-734D-4D95-AD61-25A27BF1C4F0}.Debug|Any CPU.ActiveCfg = Debug|Any CPU
		{0FA69B8D-734D-4D95-AD61-25A27BF1C4F0}.Debug|Any CPU.Build.0 = Debug|Any CPU
		{0FA69B8D-734D-4D95-AD61-25A27BF1C4F0}.Release|Any CPU.ActiveCfg = Release|Any CPU
		{0FA69B8D-734D-4D95-AD61-25A27BF1C4F0}.Release|Any CPU.Build.0 = Release|Any CPU
	EndGlobalSection
	GlobalSection(SolutionProperties) = preSolution
		HideSolutionNode = FALSE
	EndGlobalSection
	GlobalSection(NestedProjects) = preSolution
		{71FE119C-CDCE-47B3-A377-A67D2DBF2D3E} = {6409BD0C-B339-4BA2-82D6-97C285729650}
		{7C292177-9174-4F20-992D-BD397B301979} = {6409BD0C-B339-4BA2-82D6-97C285729650}
		{60AC8F26-A554-4ACD-8F3E-4F3D3B3FAEFD} = {4DEDD913-7034-4BC0-81A9-7E3FBD527CEB}
		{583D63E2-A57B-4D8C-840F-64ACCABED6C4} = {7C292177-9174-4F20-992D-BD397B301979}
		{319BAF2A-7229-43F0-A95D-420668586AC3} = {7C292177-9174-4F20-992D-BD397B301979}
		{63693514-3972-49F6-94D9-57408775BABE} = {7C292177-9174-4F20-992D-BD397B301979}
		{C44A4A2B-65BB-4D4C-84B8-3019A156D6DB} = {71FE119C-CDCE-47B3-A377-A67D2DBF2D3E}
		{829E1EB1-42A5-4B78-8CD9-1DE90225C4E0} = {71FE119C-CDCE-47B3-A377-A67D2DBF2D3E}
		{C2A3C365-47BF-4460-A0C9-BE8A691F47BC} = {71FE119C-CDCE-47B3-A377-A67D2DBF2D3E}
		{E04E08CB-5792-4EFC-9F54-3317933EA4A0} = {71FE119C-CDCE-47B3-A377-A67D2DBF2D3E}
		{3E7043EC-4551-49F0-A824-7B40FBF3C240} = {71FE119C-CDCE-47B3-A377-A67D2DBF2D3E}
		{946E29D8-72ED-4104-A9B0-A47D2A065A1B} = {C44A4A2B-65BB-4D4C-84B8-3019A156D6DB}
		{2465566F-C759-47FD-BDA6-12C8CCB72495} = {E04E08CB-5792-4EFC-9F54-3317933EA4A0}
		{38E458FE-2033-4215-9969-1384152155E8} = {C2A3C365-47BF-4460-A0C9-BE8A691F47BC}
		{517D2804-ED93-41FC-9A78-161100156B05} = {829E1EB1-42A5-4B78-8CD9-1DE90225C4E0}
		{85CBC406-BE47-4B66-A3ED-666F02D94968} = {829E1EB1-42A5-4B78-8CD9-1DE90225C4E0}
		{9B65CC5A-C36A-45DE-8CF2-0762B1C4DF12} = {6409BD0C-B339-4BA2-82D6-97C285729650}
		{7929ACD6-9490-4EEE-80BB-727A14B198B1} = {9B65CC5A-C36A-45DE-8CF2-0762B1C4DF12}
		{49AE3AF4-3DE4-47EB-B16B-3CEAC792F2B9} = {9B65CC5A-C36A-45DE-8CF2-0762B1C4DF12}
		{38963147-55F3-4921-955E-2A1B4A9A7F9C} = {9B65CC5A-C36A-45DE-8CF2-0762B1C4DF12}
		{92902B0D-94E7-4F9C-82AC-0225732F80C8} = {9B65CC5A-C36A-45DE-8CF2-0762B1C4DF12}
		{3DAB315D-39F5-4AFF-B43A-2EC5426B45B6} = {9B65CC5A-C36A-45DE-8CF2-0762B1C4DF12}
		{910F3437-895E-460D-AA6D-3514CC745ADA} = {7929ACD6-9490-4EEE-80BB-727A14B198B1}
		{5DCF27E2-97C0-4E25-8B7D-49F228C82F4B} = {49AE3AF4-3DE4-47EB-B16B-3CEAC792F2B9}
		{A9287F0D-70BE-4F4C-8FF9-86F518F8B398} = {38963147-55F3-4921-955E-2A1B4A9A7F9C}
		{3E04AB91-E50E-41D7-9D5B-D11E1B3FB039} = {92902B0D-94E7-4F9C-82AC-0225732F80C8}
		{D2DB87EA-5237-4126-BA07-C2A95C4CE8C3} = {92902B0D-94E7-4F9C-82AC-0225732F80C8}
		{F22AC1C1-B79E-4B18-B320-CE8ADEA9C674} = {9B65CC5A-C36A-45DE-8CF2-0762B1C4DF12}
		{9BC81E4D-8E42-40D5-8BD8-21F28AC9F049} = {F22AC1C1-B79E-4B18-B320-CE8ADEA9C674}
		{C9A28E54-B1C0-4312-934B-6F1270DA8051} = {6409BD0C-B339-4BA2-82D6-97C285729650}
		{37954F73-DD79-4CC2-95BA-6A487F25C407} = {C9A28E54-B1C0-4312-934B-6F1270DA8051}
		{845126B9-EE4B-45EA-939F-199E2B31A97C} = {C9A28E54-B1C0-4312-934B-6F1270DA8051}
		{9D69D8E9-C6B4-49AB-BC93-BD69422AE693} = {C9A28E54-B1C0-4312-934B-6F1270DA8051}
		{A16BB7A7-EAB8-4B13-BA5C-6C0DB3A5877B} = {C9A28E54-B1C0-4312-934B-6F1270DA8051}
		{1EC4DBA1-D34F-4DF2-B1AF-369173F723F6} = {C9A28E54-B1C0-4312-934B-6F1270DA8051}
		{C954DB8C-9BB2-46A6-9E26-99ECEBE7CEAE} = {845126B9-EE4B-45EA-939F-199E2B31A97C}
		{59123B67-C9D8-49D3-80AE-8E25608D4D8B} = {9D69D8E9-C6B4-49AB-BC93-BD69422AE693}
		{74AD4DB3-8CCF-4C6C-A9E3-3ABAECAF1C22} = {A16BB7A7-EAB8-4B13-BA5C-6C0DB3A5877B}
		{A4DE5DCD-40AB-44A5-8A61-B97108C06E5F} = {A16BB7A7-EAB8-4B13-BA5C-6C0DB3A5877B}
		{6550EAA1-B9D5-4254-8EC1-553AB713B288} = {37954F73-DD79-4CC2-95BA-6A487F25C407}
		{ECA45A1F-DCB9-4521-A92A-1F2DD9303B3E} = {1EC4DBA1-D34F-4DF2-B1AF-369173F723F6}
		{28FC590C-5D77-44AE-89B5-4E63D0DC9A93} = {6409BD0C-B339-4BA2-82D6-97C285729650}
		{59F4C078-34EA-4441-B3FB-6B263CF69587} = {28FC590C-5D77-44AE-89B5-4E63D0DC9A93}
		{864D4844-E858-4DAD-AC1D-838CF0F76B18} = {28FC590C-5D77-44AE-89B5-4E63D0DC9A93}
		{B4374373-DA0A-4916-BBE8-9D35689790BC} = {28FC590C-5D77-44AE-89B5-4E63D0DC9A93}
		{6D5287A9-A58B-4C14-829F-BD914B7FDDA1} = {28FC590C-5D77-44AE-89B5-4E63D0DC9A93}
		{4EC47DC6-18BB-45DE-A762-E5063672D8E3} = {28FC590C-5D77-44AE-89B5-4E63D0DC9A93}
		{88407A2F-6E90-488B-B2C1-77E805B8CB4A} = {6D5287A9-A58B-4C14-829F-BD914B7FDDA1}
		{1D5BD080-CA46-42F6-8DF6-68EA7F64B2CB} = {B4374373-DA0A-4916-BBE8-9D35689790BC}
		{D6C53733-6721-4789-9E1C-7691D44BB58B} = {59F4C078-34EA-4441-B3FB-6B263CF69587}
		{9CA87AD9-EB87-49AF-B1D7-AB90337A042A} = {864D4844-E858-4DAD-AC1D-838CF0F76B18}
		{0FA69B8D-734D-4D95-AD61-25A27BF1C4F0} = {864D4844-E858-4DAD-AC1D-838CF0F76B18}
	EndGlobalSection
	GlobalSection(ExtensibilityGlobals) = postSolution
		SolutionGuid = {7B1D18D9-995A-459C-931A-A1B72AB4ACF8}
	EndGlobalSection
EndGlobal
